
Microsoft Visual Studio Solution File, Format Version 12.00
# Visual Studio 15
VisualStudioVersion = 15.0.28010.2048
MinimumVisualStudioVersion = 10.0.40219.1
Project("{2150E333-8FDC-42A3-9474-1A3956D46DE8}") = "src", "src", "{6744B847-83F7-4C81-ACB5-E6838E2AD0D3}"
EndProject
Project("{9A19103F-16F7-4668-BE54-9A1E7A4F7556}") = "QuickstartIdentityServer", "src\QuickstartIdentityServer\QuickstartIdentityServer.csproj", "{C045182C-E781-46D5-8D87-5651AA31E493}"
EndProject
Project("{9A19103F-16F7-4668-BE54-9A1E7A4F7556}") = "Api", "src\Api\Api.csproj", "{6AEB3BD9-5A0D-43CF-B7C6-1CC9F8DB34B5}"
EndProject
Project("{9A19103F-16F7-4668-BE54-9A1E7A4F7556}") = "Client", "src\Client\Client.csproj", "{FEAED31D-B376-4134-A043-17D5F50A3331}"
EndProject
Global
	GlobalSection(SolutionConfigurationPlatforms) = preSolution
		Debug|Any CPU = Debug|Any CPU
		Release|Any CPU = Release|Any CPU
	EndGlobalSection
	GlobalSection(ProjectConfigurationPlatforms) = postSolution
		{C045182C-E781-46D5-8D87-5651AA31E493}.Debug|Any CPU.ActiveCfg = Debug|Any CPU
		{C045182C-E781-46D5-8D87-5651AA31E493}.Debug|Any CPU.Build.0 = Debug|Any CPU
		{C045182C-E781-46D5-8D87-5651AA31E493}.Release|Any CPU.ActiveCfg = Release|Any CPU
		{C045182C-E781-46D5-8D87-5651AA31E493}.Release|Any CPU.Build.0 = Release|Any CPU
		{6AEB3BD9-5A0D-43CF-B7C6-1CC9F8DB34B5}.Debug|Any CPU.ActiveCfg = Debug|Any CPU
		{6AEB3BD9-5A0D-43CF-B7C6-1CC9F8DB34B5}.Debug|Any CPU.Build.0 = Debug|Any CPU
		{6AEB3BD9-5A0D-43CF-B7C6-1CC9F8DB34B5}.Release|Any CPU.ActiveCfg = Release|Any CPU
		{6AEB3BD9-5A0D-43CF-B7C6-1CC9F8DB34B5}.Release|Any CPU.Build.0 = Release|Any CPU
		{FEAED31D-B376-4134-A043-17D5F50A3331}.Debug|Any CPU.ActiveCfg = Debug|Any CPU
		{FEAED31D-B376-4134-A043-17D5F50A3331}.Debug|Any CPU.Build.0 = Debug|Any CPU
		{FEAED31D-B376-4134-A043-17D5F50A3331}.Release|Any CPU.ActiveCfg = Release|Any CPU
		{FEAED31D-B376-4134-A043-17D5F50A3331}.Release|Any CPU.Build.0 = Release|Any CPU
	EndGlobalSection
	GlobalSection(SolutionProperties) = preSolution
		HideSolutionNode = FALSE
	EndGlobalSection
	GlobalSection(NestedProjects) = preSolution
		{C045182C-E781-46D5-8D87-5651AA31E493} = {6744B847-83F7-4C81-ACB5-E6838E2AD0D3}
		{6AEB3BD9-5A0D-43CF-B7C6-1CC9F8DB34B5} = {6744B847-83F7-4C81-ACB5-E6838E2AD0D3}
		{FEAED31D-B376-4134-A043-17D5F50A3331} = {6744B847-83F7-4C81-ACB5-E6838E2AD0D3}
	EndGlobalSection
	GlobalSection(ExtensibilityGlobals) = postSolution
		SolutionGuid = {0C7ADAD7-61D1-4B01-9D30-457429D5740E}
	EndGlobalSection
EndGlobal
